hash: 8336c6bcea5cd136d0122ce6e7e463163182ef5e853038746c1f1deea02f2434
updated: 2016-08-29T21:13:26.430690198-06:00
imports:
- name: github.com/onsi/ginkgo
  version: 43e2af1f01ace55adbb6d7d0f30416476db1baae
  subpackages:
  - ginkgo
- name: github.com/onsi/gomega
  version: c90bd38f8da6e92f8b114953db2f0ad7361fb4b4
- name: github.com/pkg/errors
  version: a22138067af1c4942683050411a841ade67fe1eb
- name: github.com/spf13/cobra
  version: 7c674d9e72017ed25f6d2b5e497a1368086b6a6f
  subpackages:
  - cobra
testImports: []
